akshare==1.18.44
beautifulsoup4==4.14.3
certifi==2025.11.12
cffi==2.0.0
charset-normalizer==3.4.4
curl_cffi==0.13.0
decorator==5.2.1
et_xmlfile==2.0.0
frozendict==2.4.7
html5lib==1.1
idna==3.11
Jinja2==3.1.6
jsonpath==0.82.2
lxml==6.0.2
markdown-it-py==4.0.0
mdurl==0.1.2
mini-racer==0.14.1
multitasking==0.0.12
numpy==2.3.4
openpyxl==3.1.5
packaging==25.0
pandas==2.3.3
pandas-datareader==0.10.0
patsy==1.0.2
peewee==4.0.2
pillow==12.0.0
platformdirs==4.9.4
protobuf==6.33.5
pyarrow==23.0.1
pycparser==3.0
Pygments==2.19.2
python-dateutil==2.9.0.post0
pytz==2025.2
PyYAML==6.0.3
reportlab==4.4.10
requests==2.32.5
rich==14.3.3
rpds-py==0.27.1
scipy==1.17.1
six==1.17.0
soupsieve==2.8.3
statsmodels==0.14.6
tabulate==0.10.0
tqdm==4.67.3
typing_extensions==4.15.0
tzdata==2025.2
urllib3==2.5.0
wcwidth==0.6.0
webencodings==0.5.1
websockets==16.0
xlrd==2.0.2
yfinance==1.2.0
